<?xml version="1.0" encoding="utf-8"?>
<Project ToolsVersion="4.0" xmlns="http://schemas.microsoft.com/developer/msbuild/2003">
  <ItemGroup>
    <ClCompile Include="..\src\main.cpp" />
    <ClCompile Include="..\src\CMainScence.cpp">
      <Filter>Scence</Filter>
    </ClCompile>
    <ClCompile Include="..\src\CPlayScence.cpp">
      <Filter>Scence</Filter>
    </ClCompile>
    <ClCompile Include="..\src\CBackgroundParallax.cpp">
      <Filter>Object</Filter>
    </ClCompile>
  </ItemGroup>
  <ItemGroup>
    <ClInclude Include="..\src\CPlayScence.h">
      <Filter>Scence</Filter>
    </ClInclude>
    <ClInclude Include="..\src\CMainScence.h">
      <Filter>Scence</Filter>
    </ClInclude>
    <ClInclude Include="..\src\CBackgroundParallax.h">
      <Filter>Object</Filter>
    </ClInclude>
  </ItemGroup>
  <ItemGroup>
    <Filter Include="Object">
      <UniqueIdentifier>{93c115de-0f49-41bc-8359-7b15687008ff}</UniqueIdentifier>
    </Filter>
    <Filter Include="Scence">
      <UniqueIdentifier>{16f60c5e-165f-47aa-8915-08d8209c97ac}</UniqueIdentifier>
    </Filter>
  </ItemGroup>
</Project>