<?xml version="1.0" encoding="utf-8"?>
<Project ToolsVersion="4.0" xmlns="http://schemas.microsoft.com/developer/msbuild/2003">
  <ItemGroup>
    <ClCompile Include="..\src\CApplication.cpp" />
    <ClCompile Include="..\src\CImage.cpp" />
    <ClCompile Include="..\src\CRenderer.cpp" />
    <ClCompile Include="..\src\CButton.cpp" />
    <ClCompile Include="..\src\CInput.cpp" />
    <ClCompile Include="..\src\CManageScence.cpp" />
    <ClCompile Include="..\src\CMusic.cpp" />
    <ClCompile Include="..\src\CText.cpp" />
    <ClCompile Include="..\src\CSprite.cpp" />
    <ClCompile Include="..\src\CResourceManage.cpp" />
  </ItemGroup>
  <ItemGroup>
    <ClInclude Include="..\src\CApplication.h" />
    <ClInclude Include="..\src\CImage.h" />
    <ClInclude Include="..\src\CRenderer.h" />
    <ClInclude Include="..\src\header.h" />
    <ClInclude Include="..\src\CScence.h" />
    <ClInclude Include="..\src\CButton.h" />
    <ClInclude Include="..\src\CInput.h" />
    <ClInclude Include="..\src\CManageScence.h" />
    <ClInclude Include="..\src\CMusic.h" />
    <ClInclude Include="..\src\CText.h" />
    <ClInclude Include="..\src\CSprite.h" />
    <ClInclude Include="..\src\CSpriteAni.h" />
    <ClInclude Include="..\src\CResourceManage.h" />
  </ItemGroup>
</Project>